<?xml version="1.0" encoding="utf-8"?>
<Project ToolsVersion="4.0" xmlns="http://schemas.microsoft.com/developer/msbuild/2003">
  <ItemGroup>
    <Filter Include="ARC">
      <UniqueIdentifier>{d8b157c3-8f6d-4d41-8bd3-ef7464c93364}</UniqueIdentifier>
    </Filter>
    <Filter Include="WS2">
      <UniqueIdentifier>{f5dfd613-4bd0-4c50-b753-bc966153ed29}</UniqueIdentifier>
    </Filter>
    <Filter Include="WIP">
      <UniqueIdentifier>{a73c27d0-76ed-44bf-a931-e89ea105ca07}</UniqueIdentifier>
    </Filter>
    <Filter Include="LZSS">
      <UniqueIdentifier>{db3f6e54-88f2-4998-9e81-ca9ff5590d84}</UniqueIdentifier>
    </Filter>
  </ItemGroup>
  <ItemGroup>
    <ClInclude Include="ARCV2.h">
      <Filter>ARC</Filter>
    </ClInclude>
    <ClInclude Include="ARC_Struct.h">
      <Filter>ARC</Filter>
    </ClInclude>
    <ClInclude Include="WS2.h">
      <Filter>WS2</Filter>
    </ClInclude>
    <ClInclude Include="ARCV1.h">
      <Filter>ARC</Filter>
    </ClInclude>
    <ClInclude Include="WIP.h">
      <Filter>WIP</Filter>
    </ClInclude>
    <ClInclude Include="WIP_Struct.h">
      <Filter>WIP</Filter>
    </ClInclude>
    <ClInclude Include="LZSS.h">
      <Filter>LZSS</Filter>
    </ClInclude>
  </ItemGroup>
  <ItemGroup>
    <ClCompile Include="ARCV2.cpp">
      <Filter>ARC</Filter>
    </ClCompile>
    <ClCompile Include="WS2.cpp">
      <Filter>WS2</Filter>
    </ClCompile>
    <ClCompile Include="ARCV1.cpp">
      <Filter>ARC</Filter>
    </ClCompile>
    <ClCompile Include="WIP.cpp">
      <Filter>WIP</Filter>
    </ClCompile>
    <ClCompile Include="LZSS.cpp">
      <Filter>LZSS</Filter>
    </ClCompile>
  </ItemGroup>
</Project>