
Microsoft Visual Studio Solution File, Format Version 12.00
# Visual Studio Version 17
VisualStudioVersion = 17.4.33213.308
MinimumVisualStudioVersion = 10.0.40219.1
Project("{8BC9CEB8-8B4A-11D0-8D11-00A0C91BC942}") = "AdvHDFileHook", "Modules\AdvHDFileHook\AdvHDFileHook.vcxproj", "{A3AC7E22-0E79-4EC5-B1C8-E8DC2BF221FF}"
EndProject
Project("{2150E333-8FDC-42A3-9474-1A3956D46DE8}") = "Modules", "Modules", "{005C8F3F-A468-42B9-BDA5-865446A408E4}"
EndProject
Project("{8BC9CEB8-8B4A-11D0-8D11-00A0C91BC942}") = "AdvHDStaticLibrary", "Modules\AdvHDStaticLibrary\AdvHDStaticLibrary.vcxproj", "{46621BF2-EA55-43A2-89E1-6411AB888094}"
EndProject
Project("{2150E333-8FDC-42A3-9474-1A3956D46DE8}") = "Source", "Source", "{7537093D-40F7-4F78-AFC5-FD6A5F930D5C}"
EndProject
Project("{8BC9CEB8-8B4A-11D0-8D11-00A0C91BC942}") = "ARCV1Editor", "Source\ARCV1Editor\ARCV1Editor.vcxproj", "{16CA87D5-3868-48AA-87FC-4C418AA5E7C0}"
EndProject
Project("{8BC9CEB8-8B4A-11D0-8D11-00A0C91BC942}") = "ARCV2Editor", "Source\ARCV2Editor\ARCV2Editor.vcxproj", "{EF09E6B1-59D9-4775-9375-9D5DE70EACED}"
EndProject
Project("{8BC9CEB8-8B4A-11D0-8D11-00A0C91BC942}") = "WIPEditor", "Source\WIPEditor\WIPEditor.vcxproj", "{C29B6568-C732-42EE-8054-6C342B0F772E}"
EndProject
Project("{8BC9CEB8-8B4A-11D0-8D11-00A0C91BC942}") = "WS2DecEnc", "Source\WS2DecEnc\WS2DecEnc.vcxproj", "{B8020D51-650F-489F-9484-21C419FCD28F}"
EndProject
Project("{2150E333-8FDC-42A3-9474-1A3956D46DE8}") = "ThirdParty", "ThirdParty", "{C9164CF9-08D3-4F59-8F8D-D11914508CEF}"
EndProject
Project("{8BC9CEB8-8B4A-11D0-8D11-00A0C91BC942}") = "TDA", "ThirdParty\TDA\TDA.vcxproj", "{6025B745-02F7-47EA-9911-35649DA8CEA0}"
EndProject
Global
	GlobalSection(SolutionConfigurationPlatforms) = preSolution
		Debug|x86 = Debug|x86
		Release|x86 = Release|x86
	EndGlobalSection
	GlobalSection(ProjectConfigurationPlatforms) = postSolution
		{A3AC7E22-0E79-4EC5-B1C8-E8DC2BF221FF}.Debug|x86.ActiveCfg = Debug|Win32
		{A3AC7E22-0E79-4EC5-B1C8-E8DC2BF221FF}.Debug|x86.Build.0 = Debug|Win32
		{A3AC7E22-0E79-4EC5-B1C8-E8DC2BF221FF}.Release|x86.ActiveCfg = Release|Win32
		{A3AC7E22-0E79-4EC5-B1C8-E8DC2BF221FF}.Release|x86.Build.0 = Release|Win32
		{46621BF2-EA55-43A2-89E1-6411AB888094}.Debug|x86.ActiveCfg = Debug|Win32
		{46621BF2-EA55-43A2-89E1-6411AB888094}.Debug|x86.Build.0 = Debug|Win32
		{46621BF2-EA55-43A2-89E1-6411AB888094}.Release|x86.ActiveCfg = Release|Win32
		{46621BF2-EA55-43A2-89E1-6411AB888094}.Release|x86.Build.0 = Release|Win32
		{16CA87D5-3868-48AA-87FC-4C418AA5E7C0}.Debug|x86.ActiveCfg = Debug|Win32
		{16CA87D5-3868-48AA-87FC-4C418AA5E7C0}.Debug|x86.Build.0 = Debug|Win32
		{16CA87D5-3868-48AA-87FC-4C418AA5E7C0}.Release|x86.ActiveCfg = Release|Win32
		{16CA87D5-3868-48AA-87FC-4C418AA5E7C0}.Release|x86.Build.0 = Release|Win32
		{EF09E6B1-59D9-4775-9375-9D5DE70EACED}.Debug|x86.ActiveCfg = Debug|Win32
		{EF09E6B1-59D9-4775-9375-9D5DE70EACED}.Debug|x86.Build.0 = Debug|Win32
		{EF09E6B1-59D9-4775-9375-9D5DE70EACED}.Release|x86.ActiveCfg = Release|Win32
		{EF09E6B1-59D9-4775-9375-9D5DE70EACED}.Release|x86.Build.0 = Release|Win32
		{C29B6568-C732-42EE-8054-6C342B0F772E}.Debug|x86.ActiveCfg = Debug|Win32
		{C29B6568-C732-42EE-8054-6C342B0F772E}.Debug|x86.Build.0 = Debug|Win32
		{C29B6568-C732-42EE-8054-6C342B0F772E}.Release|x86.ActiveCfg = Release|Win32
		{C29B6568-C732-42EE-8054-6C342B0F772E}.Release|x86.Build.0 = Release|Win32
		{B8020D51-650F-489F-9484-21C419FCD28F}.Debug|x86.ActiveCfg = Debug|Win32
		{B8020D51-650F-489F-9484-21C419FCD28F}.Debug|x86.Build.0 = Debug|Win32
		{B8020D51-650F-489F-9484-21C419FCD28F}.Release|x86.ActiveCfg = Release|Win32
		{B8020D51-650F-489F-9484-21C419FCD28F}.Release|x86.Build.0 = Release|Win32
		{6025B745-02F7-47EA-9911-35649DA8CEA0}.Debug|x86.ActiveCfg = Debug|Win32
		{6025B745-02F7-47EA-9911-35649DA8CEA0}.Debug|x86.Build.0 = Debug|Win32
		{6025B745-02F7-47EA-9911-35649DA8CEA0}.Release|x86.ActiveCfg = Release|Win32
		{6025B745-02F7-47EA-9911-35649DA8CEA0}.Release|x86.Build.0 = Release|Win32
	EndGlobalSection
	GlobalSection(SolutionProperties) = preSolution
		HideSolutionNode = FALSE
	EndGlobalSection
	GlobalSection(NestedProjects) = preSolution
		{A3AC7E22-0E79-4EC5-B1C8-E8DC2BF221FF} = {005C8F3F-A468-42B9-BDA5-865446A408E4}
		{46621BF2-EA55-43A2-89E1-6411AB888094} = {005C8F3F-A468-42B9-BDA5-865446A408E4}
		{16CA87D5-3868-48AA-87FC-4C418AA5E7C0} = {7537093D-40F7-4F78-AFC5-FD6A5F930D5C}
		{EF09E6B1-59D9-4775-9375-9D5DE70EACED} = {7537093D-40F7-4F78-AFC5-FD6A5F930D5C}
		{C29B6568-C732-42EE-8054-6C342B0F772E} = {7537093D-40F7-4F78-AFC5-FD6A5F930D5C}
		{B8020D51-650F-489F-9484-21C419FCD28F} = {7537093D-40F7-4F78-AFC5-FD6A5F930D5C}
		{6025B745-02F7-47EA-9911-35649DA8CEA0} = {C9164CF9-08D3-4F59-8F8D-D11914508CEF}
	EndGlobalSection
	GlobalSection(ExtensibilityGlobals) = postSolution
		SolutionGuid = {C70A92E8-510E-49CB-B824-6F1C45DBE002}
	EndGlobalSection
EndGlobal
